
Microsoft Visual Studio Solution File, Format Version 12.00
# Visual Studio Version 17
VisualStudioVersion = 17.8.34408.163
MinimumVisualStudioVersion = 10.0.40219.1
Project("{FAE04EC0-301F-11D3-BF4B-00C04F79EFBC}") = "Exercicio4FibonacciFila", "Exercicio4FibonacciFila\Exercicio4FibonacciFila.csproj", "{3319D362-AD22-4B52-B517-25E31F16D53C}"
EndProject
Global
	GlobalSection(SolutionConfigurationPlatforms) = preSolution
		Debug|Any CPU = Debug|Any CPU
		Release|Any CPU = Release|Any CPU
	EndGlobalSection
	GlobalSection(ProjectConfigurationPlatforms) = postSolution
		{3319D362-AD22-4B52-B517-25E31F16D53C}.Debug|Any CPU.ActiveCfg = Debug|Any CPU
		{3319D362-AD22-4B52-B517-25E31F16D53C}.Debug|Any CPU.Build.0 = Debug|Any CPU
		{3319D362-AD22-4B52-B517-25E31F16D53C}.Release|Any CPU.ActiveCfg = Release|Any CPU
		{3319D362-AD22-4B52-B517-25E31F16D53C}.Release|Any CPU.Build.0 = Release|Any CPU
	EndGlobalSection
	GlobalSection(SolutionProperties) = preSolution
		HideSolutionNode = FALSE
	EndGlobalSection
	GlobalSection(ExtensibilityGlobals) = postSolution
		SolutionGuid = {1505DF0B-346E-40DB-B44B-BB1A68109F84}
	EndGlobalSection
EndGlobal
